{
  "projects": [
    {
      "projectId": "kS7YGZfVr6mU43XDQjXELc",
      "version": "0.18.0",
      "dependencies": {},
      "lang": "ts",
      "fileLocks": [
        {
          "assetId": "kS7YGZfVr6mU43XDQjXELc",
          "type": "projectCss",
          "checksum": "1c02168c6b23256606111fdfdbb63549"
        }
      ],
      "codegenVersion": "0.0.1"
    },
    {
      "projectId": "hjKYmYi6HMwK6TRyk7ew5R",
      "version": "6.42.0",
      "dependencies": {},
      "lang": "ts",
      "fileLocks": [
        {
          "assetId": "hjKYmYi6HMwK6TRyk7ew5R",
          "type": "projectCss",
          "checksum": "8261c92e439d6a43426690ea3cba615f"
        },
        {
          "assetId": "hjKYmYi6HMwK6TRyk7ew5R",
          "checksum": "f51098be076d3d4d7098fedb86e59cd2",
          "type": "globalContexts"
        }
      ],
      "codegenVersion": "0.0.1"
    },
    {
      "projectId": "ohDidvG9XsCeFumugENU3J",
      "version": "6.29.0",
      "dependencies": {},
      "lang": "ts",
      "fileLocks": [
        {
          "assetId": "ohDidvG9XsCeFumugENU3J",
          "type": "projectCss",
          "checksum": "ba2a60a163fca4f4d510275088a2be53"
        },
        {
          "assetId": "ohDidvG9XsCeFumugENU3J",
          "checksum": "f9cc098ce5640eefe7d9edb8470a210c",
          "type": "globalContexts"
        }
      ],
      "codegenVersion": "0.0.1"
    },
    {
      "projectId": "7nJ7UcFmq9UzB6eXfC5z4a",
      "version": "0.31.0",
      "dependencies": {},
      "lang": "ts",
      "fileLocks": [
        {
          "assetId": "7nJ7UcFmq9UzB6eXfC5z4a",
          "type": "projectCss",
          "checksum": "01e8cee5b9ce00fbc93f494c2a40dbf1"
        }
      ],
      "codegenVersion": "0.0.1"
    },
    {
      "projectId": "caTPwKxj5ZrD9LQ7DMdK4Z",
      "version": "3.40.0",
      "dependencies": {},
      "lang": "ts",
      "fileLocks": [
        {
          "assetId": "caTPwKxj5ZrD9LQ7DMdK4Z",
          "type": "projectCss",
          "checksum": "1c02168c6b23256606111fdfdbb63549"
        }
      ],
      "codegenVersion": "0.0.1"
    },
    {
      "projectId": "gmeH6XgPaBtkt51HunAo4g",
      "version": "18.17.0",
      "dependencies": {},
      "lang": "ts",
      "fileLocks": [
        {
          "assetId": "gmeH6XgPaBtkt51HunAo4g",
          "type": "projectCss",
          "checksum": "1c02168c6b23256606111fdfdbb63549"
        }
      ],
      "codegenVersion": "0.0.1"
    },
    {
      "projectId": "aqt4bw2qhfo7d76ADZhQFo",
      "version": "latest",
      "dependencies": {
        "gmeH6XgPaBtkt51HunAo4g": "18.17.0",
        "caTPwKxj5ZrD9LQ7DMdK4Z": "3.40.0",
        "7nJ7UcFmq9UzB6eXfC5z4a": "0.31.0",
        "ohDidvG9XsCeFumugENU3J": "6.29.0",
        "hjKYmYi6HMwK6TRyk7ew5R": "6.42.0",
        "kS7YGZfVr6mU43XDQjXELc": "0.18.0"
      },
      "lang": "ts",
      "fileLocks": [
        {
          "type": "globalVariant",
          "assetId": "eEvMBXdv1ZEe",
          "checksum": "7def54866887e440d2ed9a7897a9dc03"
        },
        {
          "type": "globalVariant",
          "assetId": "PAyzbmCmxU6_",
          "checksum": "b4da2e3982a11d3e43f53c5ef1a0430c"
        },
        {
          "assetId": "aqt4bw2qhfo7d76ADZhQFo",
          "type": "projectCss",
          "checksum": "1504f84825170c9a7ccf6c92c0a41b61"
        },
        {
          "assetId": "aqt4bw2qhfo7d76ADZhQFo",
          "checksum": "036ba6f3eb7c4ecbcb8af2fafca8ba80",
          "type": "globalContexts"
        },
        {
          "type": "renderModule",
          "assetId": "d1MlGr7C5K9L",
          "checksum": "4cb6c136b4026f6c0586c81066ba3d0c"
        },
        {
          "type": "cssRules",
          "assetId": "d1MlGr7C5K9L",
          "checksum": "4cb6c136b4026f6c0586c81066ba3d0c"
        },
        {
          "type": "renderModule",
          "assetId": "JFl1jJXdXIzA",
          "checksum": "c0db13de5f7cf537e999ed395a94ccb5"
        },
        {
          "type": "cssRules",
          "assetId": "JFl1jJXdXIzA",
          "checksum": "c0db13de5f7cf537e999ed395a94ccb5"
        },
        {
          "type": "renderModule",
          "assetId": "BPkDJbnqSOZ0",
          "checksum": "96f3264784b36717a2afcae26ab4e34d"
        },
        {
          "type": "cssRules",
          "assetId": "BPkDJbnqSOZ0",
          "checksum": "96f3264784b36717a2afcae26ab4e34d"
        },
        {
          "type": "renderModule",
          "assetId": "WgBKdGHdVFBy",
          "checksum": "51145575b15c7c2eb8821254f2ffb593"
        },
        {
          "type": "cssRules",
          "assetId": "WgBKdGHdVFBy",
          "checksum": "51145575b15c7c2eb8821254f2ffb593"
        },
        {
          "type": "renderModule",
          "assetId": "evv3nVCF4vQo",
          "checksum": "c84a8c1e6933b99f9205a45921c0cfa2"
        },
        {
          "type": "cssRules",
          "assetId": "evv3nVCF4vQo",
          "checksum": "c84a8c1e6933b99f9205a45921c0cfa2"
        },
        {
          "type": "renderModule",
          "assetId": "u-FGr4L8Yprh",
          "checksum": "0a07806e37455880ad8802264a7d24db"
        },
        {
          "type": "cssRules",
          "assetId": "u-FGr4L8Yprh",
          "checksum": "0a07806e37455880ad8802264a7d24db"
        },
        {
          "type": "renderModule",
          "assetId": "hFREyvMXF-HZ",
          "checksum": "cb38268d28ffeb4ab1648e903c459b89"
        },
        {
          "type": "cssRules",
          "assetId": "hFREyvMXF-HZ",
          "checksum": "cb38268d28ffeb4ab1648e903c459b89"
        },
        {
          "type": "renderModule",
          "assetId": "IsGIox3XaKsi",
          "checksum": "7736282f5f36caf7aa3cd4abb2e58bae"
        },
        {
          "type": "cssRules",
          "assetId": "IsGIox3XaKsi",
          "checksum": "7736282f5f36caf7aa3cd4abb2e58bae"
        },
        {
          "type": "renderModule",
          "assetId": "lV6eYbXtJGqM",
          "checksum": "2004cc725ec934b407d7d794dfb9011e"
        },
        {
          "type": "cssRules",
          "assetId": "lV6eYbXtJGqM",
          "checksum": "2004cc725ec934b407d7d794dfb9011e"
        },
        {
          "type": "renderModule",
          "assetId": "GyTJhs9veKrj",
          "checksum": "d1f8d21326f4e4f1d54ede28ce32d85c"
        },
        {
          "type": "cssRules",
          "assetId": "GyTJhs9veKrj",
          "checksum": "d1f8d21326f4e4f1d54ede28ce32d85c"
        },
        {
          "type": "renderModule",
          "assetId": "PEgOxZRQTA56",
          "checksum": "9999f5ef8275f2f17d16ec3b5c45d7f9"
        },
        {
          "type": "cssRules",
          "assetId": "PEgOxZRQTA56",
          "checksum": "9999f5ef8275f2f17d16ec3b5c45d7f9"
        },
        {
          "type": "renderModule",
          "assetId": "A9xYAhwSD6i3",
          "checksum": "ff26fcac4d0e22bbaa0d0f266acadaff"
        },
        {
          "type": "cssRules",
          "assetId": "A9xYAhwSD6i3",
          "checksum": "ff26fcac4d0e22bbaa0d0f266acadaff"
        },
        {
          "type": "renderModule",
          "assetId": "orxAMMfZ74Z0",
          "checksum": "214d28e6fbe66b9f4c39d4490ab9b2b3"
        },
        {
          "type": "cssRules",
          "assetId": "orxAMMfZ74Z0",
          "checksum": "214d28e6fbe66b9f4c39d4490ab9b2b3"
        },
        {
          "type": "renderModule",
          "assetId": "p-wD1wOjqe01",
          "checksum": "c1c2b4ec7f969b6b4b17354dbf081315"
        },
        {
          "type": "cssRules",
          "assetId": "p-wD1wOjqe01",
          "checksum": "c1c2b4ec7f969b6b4b17354dbf081315"
        },
        {
          "type": "renderModule",
          "assetId": "tYFejTQb0c1A",
          "checksum": "82bbc7402433020e6ae969bdabc19a84"
        },
        {
          "type": "cssRules",
          "assetId": "tYFejTQb0c1A",
          "checksum": "82bbc7402433020e6ae969bdabc19a84"
        },
        {
          "type": "renderModule",
          "assetId": "7igOedWgPhE0",
          "checksum": "7fa846868a6d19e1218ec7e531261f23"
        },
        {
          "type": "cssRules",
          "assetId": "7igOedWgPhE0",
          "checksum": "7fa846868a6d19e1218ec7e531261f23"
        },
        {
          "type": "renderModule",
          "assetId": "KPbEJV0fyfV4",
          "checksum": "389acbafb22ca844100b12d5e4703ea4"
        },
        {
          "type": "cssRules",
          "assetId": "KPbEJV0fyfV4",
          "checksum": "389acbafb22ca844100b12d5e4703ea4"
        },
        {
          "type": "renderModule",
          "assetId": "w32J7NYCC69P",
          "checksum": "11deea1ebcaf4c2ae02dbb4860596669"
        },
        {
          "type": "cssRules",
          "assetId": "w32J7NYCC69P",
          "checksum": "11deea1ebcaf4c2ae02dbb4860596669"
        },
        {
          "type": "renderModule",
          "assetId": "zvVpUAXrpLDn",
          "checksum": "a5a4a4b17c29676391b2fed2f6dd4cd4"
        },
        {
          "type": "cssRules",
          "assetId": "zvVpUAXrpLDn",
          "checksum": "a5a4a4b17c29676391b2fed2f6dd4cd4"
        },
        {
          "type": "renderModule",
          "assetId": "2MR3Rnvxp1rh",
          "checksum": "d8b91e888093734a3c71ebebc5fd965a"
        },
        {
          "type": "cssRules",
          "assetId": "2MR3Rnvxp1rh",
          "checksum": "d8b91e888093734a3c71ebebc5fd965a"
        },
        {
          "type": "renderModule",
          "assetId": "LO3RxoimlbTk",
          "checksum": "ddc273c031abea0b9d67c53b825c206d"
        },
        {
          "type": "cssRules",
          "assetId": "LO3RxoimlbTk",
          "checksum": "ddc273c031abea0b9d67c53b825c206d"
        },
        {
          "type": "renderModule",
          "assetId": "1VSU1092sLjX",
          "checksum": "32958e42c980fdddb976f7f4e9661c6e"
        },
        {
          "type": "cssRules",
          "assetId": "1VSU1092sLjX",
          "checksum": "32958e42c980fdddb976f7f4e9661c6e"
        },
        {
          "type": "renderModule",
          "assetId": "bnJQhPYJszXW",
          "checksum": "e128c644efc461226faaba2fce273af1"
        },
        {
          "type": "cssRules",
          "assetId": "bnJQhPYJszXW",
          "checksum": "e128c644efc461226faaba2fce273af1"
        },
        {
          "type": "renderModule",
          "assetId": "trzu8wWyS9lH",
          "checksum": "9bc66570579c2f06a2aee70c960b1538"
        },
        {
          "type": "cssRules",
          "assetId": "trzu8wWyS9lH",
          "checksum": "9bc66570579c2f06a2aee70c960b1538"
        },
        {
          "type": "renderModule",
          "assetId": "H_HoE5avRiQs",
          "checksum": "c4485b1194b61f55ec88d1c37d0790d2"
        },
        {
          "type": "cssRules",
          "assetId": "H_HoE5avRiQs",
          "checksum": "c4485b1194b61f55ec88d1c37d0790d2"
        },
        {
          "type": "renderModule",
          "assetId": "TeN_RMngOPqj",
          "checksum": "c5dbecf73b821d55236281786e499d7f"
        },
        {
          "type": "cssRules",
          "assetId": "TeN_RMngOPqj",
          "checksum": "c5dbecf73b821d55236281786e499d7f"
        },
        {
          "type": "icon",
          "assetId": "INMXktOfIWiD",
          "checksum": "e4c1d6b85d4f9d4c01af22392d7e8952"
        },
        {
          "type": "icon",
          "assetId": "BMAZvJUkowiF",
          "checksum": "5f4cbf2fada9b24a85d83f18618183e6"
        },
        {
          "type": "icon",
          "assetId": "SvXfaQpg4qnZ",
          "checksum": "227668053a9b58c4650b054b96918e4e"
        },
        {
          "type": "icon",
          "assetId": "390OXZBgrYk9",
          "checksum": "a6752b77e3cb232903a868f8d5de1dfc"
        },
        {
          "type": "icon",
          "assetId": "s_RpDhzeQJX7",
          "checksum": "e5489e1878f47422c7f08c477ea8519a"
        },
        {
          "type": "icon",
          "assetId": "me3nO749jVbM",
          "checksum": "4e0de70c3e34e0fe9d0405b8d5928154"
        },
        {
          "type": "icon",
          "assetId": "GuqO1UTfYtX5",
          "checksum": "112cf81f50f12f191f488716ea5d8f8c"
        },
        {
          "type": "icon",
          "assetId": "qs3Ma4rz8_js",
          "checksum": "b5a931d9389f1a30651e5916d08597dd"
        },
        {
          "type": "icon",
          "assetId": "1gDCgn4CPD-B",
          "checksum": "cfe2816ac1feb4ca3ab887f6e4474222"
        },
        {
          "type": "icon",
          "assetId": "-uniDSYHvHjE",
          "checksum": "a0d05b77f638f88e70fb0d2882b3ee81"
        },
        {
          "type": "icon",
          "assetId": "Q5oDudaD2npN",
          "checksum": "345c95953d01326cd6762070e3961909"
        },
        {
          "type": "icon",
          "assetId": "NWIY8sVJc58K",
          "checksum": "d0c4e7c071def6ba82eb8f98efbe0c01"
        },
        {
          "type": "icon",
          "assetId": "avjHpDCNH5H9",
          "checksum": "ad9c376d7b7abeb2015e6aaf29e28af9"
        },
        {
          "type": "icon",
          "assetId": "4vIkU2wu1rma",
          "checksum": "80400800eb17ef7ad8603cf975135d95"
        },
        {
          "type": "icon",
          "assetId": "wy92u1XfZPXm",
          "checksum": "994718d0ac7579846ad2c7a09b6e7f8f"
        },
        {
          "type": "icon",
          "assetId": "ZRLecplMFbMk",
          "checksum": "195a699e3bcc4a7087b357ca8c22244a"
        },
        {
          "type": "icon",
          "assetId": "NHO2ajEeiAMO",
          "checksum": "fc3c28cc02b8295351fba2caf1134839"
        },
        {
          "type": "icon",
          "assetId": "FcQEuz9al8OH",
          "checksum": "062d200a0ee63cbac834e9ce063428e0"
        },
        {
          "type": "icon",
          "assetId": "CzJgsI3KgH0Z",
          "checksum": "ae581c9e8762f9397f14ba92ab439193"
        },
        {
          "type": "icon",
          "assetId": "wnMDJrI4fr2P",
          "checksum": "e853e4d4a7e8061372edf75a9e3a13dc"
        },
        {
          "type": "icon",
          "assetId": "CnqcBI0upv9T",
          "checksum": "abf83a646ce1eafc0b11c7e57d93bfd3"
        },
        {
          "type": "icon",
          "assetId": "0zFkNWu9LQOC",
          "checksum": "cae6774262c767d2d2115a974a05ec39"
        },
        {
          "type": "icon",
          "assetId": "q8GlA5e81ML_",
          "checksum": "236eace8d37b8846ad26dae576da653a"
        },
        {
          "type": "icon",
          "assetId": "HOWLf5KCV6xi",
          "checksum": "82dc05556bf831e1c4927738d36c538b"
        },
        {
          "type": "icon",
          "assetId": "MqRFF7vxUCiv",
          "checksum": "082c662f3a7caa276a326ac582387f21"
        },
        {
          "type": "icon",
          "assetId": "LPIiQLy4lvIE",
          "checksum": "1cd9c1bce0fc4fc1abfb24ab2b2f992c"
        },
        {
          "type": "icon",
          "assetId": "TueurUSDtevy",
          "checksum": "04e4edd77af6603ca4650fb5999070c4"
        },
        {
          "type": "icon",
          "assetId": "tmJQKBQDJEoe",
          "checksum": "28722604c57063ef5a16f0991934fa32"
        },
        {
          "type": "icon",
          "assetId": "M5Yt0pb7IRm_",
          "checksum": "8e2726d1a8d2d37bbad714d10d0ae7a0"
        },
        {
          "type": "icon",
          "assetId": "Wuq7R1xx4mKS",
          "checksum": "1899d70e08e2882ba267cf673593aa01"
        },
        {
          "type": "icon",
          "assetId": "UzBQNk26CWL2",
          "checksum": "2d9e370b0088e1e797ceddeaae3236c3"
        },
        {
          "type": "icon",
          "assetId": "XegYPrYvUV2e",
          "checksum": "3cec428a6960f99bb0642d96ce64112a"
        },
        {
          "type": "image",
          "assetId": "KjS_Y4VmoeAP",
          "checksum": "542f9850765e1767fabd5c5c5737db76"
        },
        {
          "type": "image",
          "assetId": "v4egf6ONvqia",
          "checksum": "984640ee1b36abfe5507766db029c2e2"
        },
        {
          "type": "image",
          "assetId": "zxsBeYoUOKR2",
          "checksum": "5a043d5ac7bf080b526a7a63e3f59415"
        },
        {
          "type": "image",
          "assetId": "eutLp9BYKAOF",
          "checksum": "7871e5c751e689be33563430e903f811"
        },
        {
          "type": "image",
          "assetId": "8h6WAtl1av8t",
          "checksum": "ff2cc0d51641ebfe64ad2dec5b1dc4c4"
        },
        {
          "type": "image",
          "assetId": "4uB8gWRWilK8",
          "checksum": "b05f3219c2c72720fa76f7ed72977495"
        },
        {
          "type": "image",
          "assetId": "2LsfzeptmDZn",
          "checksum": "b288fe098185554358dcb2d1993c56a3"
        },
        {
          "type": "image",
          "assetId": "KuEExFN8mGEH",
          "checksum": "c40595990d9ba5e0da2203156e7f2707"
        },
        {
          "type": "image",
          "assetId": "2u6bHJALhODf",
          "checksum": "0376c5f8ab13660c91da4f2d8798b8bf"
        },
        {
          "type": "image",
          "assetId": "3gGRaIv_zpBU",
          "checksum": "8e48c25ddb379c46c14d42a778a0e2ed"
        },
        {
          "type": "image",
          "assetId": "T9BpJpkTsp8z",
          "checksum": "0ddc36e79daf2488bba207ed99610d1f"
        },
        {
          "type": "image",
          "assetId": "Mt5fZcFa5w5B",
          "checksum": "320be360c8cdfdc0d8422d31ae293884"
        },
        {
          "type": "image",
          "assetId": "ra6tZ07jKPCK",
          "checksum": "0e0dafcd392e60382b184c1f9f961e59"
        },
        {
          "type": "image",
          "assetId": "HtjKRw9tw1Q0",
          "checksum": "c80507f1df6f3538c3012aee1c197778"
        },
        {
          "type": "image",
          "assetId": "BhUARev2qOsc",
          "checksum": "4df636f902565e07cc24afeb3acf7042"
        },
        {
          "type": "image",
          "assetId": "TvjJTiWiGHQL",
          "checksum": "c68592ee7c78fdeabdc29d0a2750e0a8"
        },
        {
          "type": "image",
          "assetId": "4CvH9KM2pFMA",
          "checksum": "64ca23991ab1bf4116b14044d24265c6"
        },
        {
          "type": "image",
          "assetId": "CUqa-NkmN66b",
          "checksum": "bf8ac3fd58cf581cd8b0957cf9c4e36c"
        },
        {
          "type": "image",
          "assetId": "FECH66sT7sA2",
          "checksum": "203b0a69ea08eb610438c3b31f500c0f"
        },
        {
          "type": "image",
          "assetId": "OYN6YbFGW0Qt",
          "checksum": "178aebe0a5a337cc417d1a1b258a0514"
        },
        {
          "type": "image",
          "assetId": "javsvk499PYo",
          "checksum": "1cf3736f16ac06bbb46a54445a7fa6e0"
        },
        {
          "type": "image",
          "assetId": "irIJv6f3ENE0",
          "checksum": "a456b8107f57cd19a6b5f91d40c75ea8"
        },
        {
          "type": "image",
          "assetId": "7mu01CgCs1yI",
          "checksum": "7e6c44e05ccd4559701627102b4ab88f"
        },
        {
          "type": "image",
          "assetId": "rvNAG7aaWkxc",
          "checksum": "6e246157d8a9b0c64e8490f6e993792d"
        },
        {
          "type": "image",
          "assetId": "-qXb0CxRBOBO",
          "checksum": "832c5542aa0f3c30f0a5356aa6745e40"
        },
        {
          "type": "image",
          "assetId": "6s0RbGgLf469",
          "checksum": "7ae75db0cc8c8c15e8d7844338a44efe"
        },
        {
          "type": "image",
          "assetId": "qlHlcV8_vet9",
          "checksum": "add91145355ac99ff9565b7927a50809"
        },
        {
          "type": "image",
          "assetId": "K_2anbokpPd5",
          "checksum": "82ed0c59cd002f0f8ccad47f9f5a4ffb"
        },
        {
          "type": "image",
          "assetId": "d6f_wva9V7jx",
          "checksum": "4844355b08ef6a03c5785d6f9fde66cb"
        },
        {
          "type": "image",
          "assetId": "2FFUlzA6aToy",
          "checksum": "cfc5accf40de2baadf60b74d5b4b7596"
        },
        {
          "type": "image",
          "assetId": "jgceX25rc9nd",
          "checksum": "06d10510a68b03db1d1f15da8ebc1092"
        },
        {
          "type": "image",
          "assetId": "M289mfKqpUWQ",
          "checksum": "2d0955c6d0cbae5100912469aa0da40c"
        },
        {
          "type": "image",
          "assetId": "jtnZMyu1Ze1l",
          "checksum": "41d496013722a4afe70463d5b37c05bf"
        },
        {
          "type": "image",
          "assetId": "RwqsiSm9MG-A",
          "checksum": "e96058b3e540e4f9a40702efa82cd8d0"
        },
        {
          "type": "image",
          "assetId": "b70X-42DDB-k",
          "checksum": "4768eb9491a6728a8c8a99af3e63efc8"
        },
        {
          "type": "image",
          "assetId": "U-QQlw8TQYGV",
          "checksum": "18d1edf12f6ac76896e1282e10457df3"
        },
        {
          "type": "image",
          "assetId": "GRg3bbY4oO1N",
          "checksum": "579bd2ddc53e04dd2a417ce6855e102f"
        },
        {
          "type": "image",
          "assetId": "hQkseZhgRkUv",
          "checksum": "a6390b97164489724d73ec0f782416ab"
        },
        {
          "type": "image",
          "assetId": "4w4k868CslNI",
          "checksum": "0cfdf601ce17edc13d7c3d1dad9b720f"
        },
        {
          "type": "image",
          "assetId": "W0DyQjFhe7Cj",
          "checksum": "0089a9d0fec6b9fc79f9a1f007facfd4"
        },
        {
          "type": "image",
          "assetId": "N0PAJyl_HrBx",
          "checksum": "edc2c9b2e26d3dbc476f7a62c07328fe"
        },
        {
          "type": "image",
          "assetId": "qVQ7JZfXLFOn",
          "checksum": "85913638864197a7cd4a93c700f15a89"
        },
        {
          "type": "image",
          "assetId": "N6M6aR9JHSRl",
          "checksum": "4a37e90f66e06ac093f0ae3cef3b3ea9"
        },
        {
          "type": "image",
          "assetId": "VOZXzqIfdbiB",
          "checksum": "0ea4519e3af07d81801505a105970902"
        },
        {
          "type": "image",
          "assetId": "9cOWQDfxUfcW",
          "checksum": "79f455bb45662e18b6bf8c323a78ed11"
        },
        {
          "type": "image",
          "assetId": "LBYYHEQrTxaD",
          "checksum": "86f87327b529b994cd0e71abac32cab1"
        },
        {
          "type": "image",
          "assetId": "hH2vtLSGpTif",
          "checksum": "66fd5a554026774fb801a74a9895c1bc"
        },
        {
          "type": "image",
          "assetId": "um7tV0uRTNpm",
          "checksum": "e5283a0a4e7c0dfcfbb9c0c4dcccf5e8"
        },
        {
          "type": "image",
          "assetId": "ApPvbeDTH0o9",
          "checksum": "b47f0d0abc8e758ce4821e4d8bcb7214"
        },
        {
          "type": "image",
          "assetId": "KebzgBpL14xw",
          "checksum": "00f7c116ffca71448e3c47a7b4d566ce"
        },
        {
          "type": "image",
          "assetId": "7KNiGFiy-on_",
          "checksum": "380dbe3e4f30ee8242c9ffac50deb59f"
        },
        {
          "type": "image",
          "assetId": "qBH25avsu7Z4",
          "checksum": "45b804bc994119b77b876c7c37d30cce"
        },
        {
          "type": "image",
          "assetId": "RfQwG4X3XBS3",
          "checksum": "631f547d8078eec900d8c42cc55b6eae"
        },
        {
          "type": "image",
          "assetId": "Zh_1mS4sITLi",
          "checksum": "74784ef19d9b37556fba5cd53601f271"
        },
        {
          "type": "image",
          "assetId": "zyM5LyR--HTD",
          "checksum": "fd545189d437226a285972dad0b204fd"
        },
        {
          "type": "image",
          "assetId": "LOKWpCnHt_mG",
          "checksum": "52e39e5d4be4142c6e073a91afe7fbcf"
        },
        {
          "type": "image",
          "assetId": "c0ldjqbZPWDZ",
          "checksum": "abf1d7852c4d63f34450729e90c6b265"
        },
        {
          "type": "image",
          "assetId": "RNOWhJEU72JP",
          "checksum": "d3adbdeca8a06039f544cc2b971af392"
        },
        {
          "type": "image",
          "assetId": "q6ZGcoch_BqI",
          "checksum": "411d98da0e871fe1488b549c380218a1"
        },
        {
          "type": "image",
          "assetId": "rhPHD8LqxW_7",
          "checksum": "1dbd89a344cbd06be1e7aa461c4a245e"
        },
        {
          "type": "image",
          "assetId": "dF3AmJnFHK6V",
          "checksum": "f641db43b6c666077067cac561954810"
        },
        {
          "type": "image",
          "assetId": "w_AmSqH7dHJH",
          "checksum": "c4255c3f467d048fd6a20c40b5d9bd4a"
        },
        {
          "type": "image",
          "assetId": "Nsk_g92Cbjqk",
          "checksum": "90cda34466fa454ccee7018eace4c49f"
        },
        {
          "type": "image",
          "assetId": "YA1Zx5gEacYd",
          "checksum": "afa601a867881c42579305f4631ecaa3"
        },
        {
          "type": "image",
          "assetId": "XAqeuU-gVUHR",
          "checksum": "41426b186937073299eb2cadbc29755c"
        },
        {
          "type": "image",
          "assetId": "5IQyewAaPwdK",
          "checksum": "e1e57d72dd366614828047cd770f57bd"
        },
        {
          "type": "image",
          "assetId": "4JZohmY3sYJ6",
          "checksum": "b73dc9dbec0388ce30a47254e549ecb4"
        },
        {
          "type": "image",
          "assetId": "nCqMykU9Hdvr",
          "checksum": "1e7a1e118cbc7b9257411fd95344b417"
        },
        {
          "type": "image",
          "assetId": "avrq7ercQbeM",
          "checksum": "4c206fbfb5e1b24889bde083e99a23b2"
        },
        {
          "type": "image",
          "assetId": "B7E7FDdtCU2F",
          "checksum": "a7f441f275dd613d9821d53d56a0367b"
        },
        {
          "type": "image",
          "assetId": "bQuSRN9_7vRD",
          "checksum": "271fccf83e01960d92314a4b1426fed8"
        },
        {
          "type": "image",
          "assetId": "6_ATXma-m2MC",
          "checksum": "5756878683c01d8ab06a3e66fe340e96"
        },
        {
          "type": "image",
          "assetId": "cOxnaESov3LX",
          "checksum": "8f7e26fc6f74136f24167d3e2be589e6"
        },
        {
          "type": "image",
          "assetId": "3HzqoqH9l_kV",
          "checksum": "47cdf6b853043ccd7011133e07f0e1be"
        },
        {
          "type": "image",
          "assetId": "6BjxZdCiVFRF",
          "checksum": "2a00f3cda161a28b3d287133a8eccdbf"
        },
        {
          "type": "image",
          "assetId": "h88XKCWCvvxX",
          "checksum": "af565f00fc83549711e62c3e5e356e29"
        },
        {
          "type": "image",
          "assetId": "E7l_ezxKowtN",
          "checksum": "54268b1f7fb3503d373246e6f4264d7b"
        },
        {
          "type": "image",
          "assetId": "nnehrTuaEex3",
          "checksum": "8670ca7648f3da2956b5acc4caba9e24"
        },
        {
          "type": "image",
          "assetId": "Rpalmysqfum_",
          "checksum": "f8a19254bc148828577d0805f9f86653"
        },
        {
          "type": "image",
          "assetId": "Xt_lbIHexoh2",
          "checksum": "eae97cc53e0f5a5a8b042928d379e4e6"
        },
        {
          "type": "image",
          "assetId": "aT43vmjze81f",
          "checksum": "239ec5f388f59defa5025ab3af0f3c62"
        },
        {
          "type": "image",
          "assetId": "87vgCSOmPWrH",
          "checksum": "53bb64c32be8c5c3f72f7fd88ab2730c"
        },
        {
          "type": "image",
          "assetId": "8lPSHpE1AZ09",
          "checksum": "352084f62f5006e3fc31beb61b88db3d"
        },
        {
          "type": "image",
          "assetId": "OzfmJA601qJZ",
          "checksum": "2e83848576eca6dd5960fdf58d3f3993"
        },
        {
          "type": "image",
          "assetId": "hGcMuOqI1rcV",
          "checksum": "9ced5156c6db9692064a1cdaff6e6aa9"
        },
        {
          "type": "image",
          "assetId": "0Uia7jn1g0Af",
          "checksum": "d7b5609253602db5bd9689688034583a"
        }
      ],
      "codegenVersion": "0.0.1"
    }
  ],
  "cliVersion": "0.1.337"
}
